// !$*UTF8*$!
{
	archiveVersion = 1;
	classes = {
	};
	objectVersion = 46;
	objects = {

/* Begin PBXBuildFile section */
		014656C91B7582D300C1F028 /* DetailViewController.m in Sources */ = {isa = PBXBuildFile; fileRef = 014656C81B7582D300C1F028 /* DetailViewController.m */; };
		01A103BC1B73DA1000357DD1 /* main.m in Sources */ = {isa = PBXBuildFile; fileRef = 01A103BB1B73DA1000357DD1 /* main.m */; };
		01A103BF1B73DA1000357DD1 /* AppDelegate.m in Sources */ = {isa = PBXBuildFile; fileRef = 01A103BE1B73DA1000357DD1 /* AppDelegate.m */; };
		01A103C21B73DA1000357DD1 /* MainViewController.m in Sources */ = {isa = PBXBuildFile; fileRef = 01A103C11B73DA1000357DD1 /* MainViewController.m */; };
		01A103C51B73DA1000357DD1 /* Main.storyboard in Resources */ = {isa = PBXBuildFile; fileRef = 01A103C31B73DA1000357DD1 /* Main.storyboard */; };
		01A103C71B73DA1000357DD1 /* Images.xcassets in Resources */ = {isa = PBXBuildFile; fileRef = 01A103C61B73DA1000357DD1 /* Images.xcassets */; };
		01A103CA1B73DA1000357DD1 /* LaunchScreen.xib in Resources */ = {isa = PBXBuildFile; fileRef = 01A103C81B73DA1000357DD1 /* LaunchScreen.xib */; };
		01A103D61B73DA1000357DD1 /* AcronymLookupTests.m in Sources */ = {isa = PBXBuildFile; fileRef = 01A103D51B73DA1000357DD1 /* AcronymLookupTests.m */; };
		640096B870025B7AB8F55986 /* libPods.a in Frameworks */ = {isa = PBXBuildFile; fileRef = C0B98A9E5CAE5A25F4AC14B2 /* libPods.a */; };
/* End PBXBuildFile section */

/* Begin PBXContainerItemProxy section */
		01A103D01B73DA1000357DD1 /* PBXContainerItemProxy */ = {
			isa = PBXContainerItemProxy;
			containerPortal = 01A103AE1B73DA1000357DD1 /* Project object */;
			proxyType = 1;
			remoteGlobalIDString = 01A103B51B73DA1000357DD1;
			remoteInfo = AcronymLookup;
		};
/* End PBXContainerItemProxy section */

/* Begin PBXFileReference section */
		014656C71B7582D300C1F028 /* DetailViewController.h */ = {isa = PBXFileReference; fileEncoding = 4; lastKnownFileType = sourcecode.c.h; path = DetailViewController.h; sourceTree = "<group>"; };
		014656C81B7582D300C1F028 /* DetailViewController.m */ = {isa = PBXFileReference; fileEncoding = 4; lastKnownFileType = sourcecode.c.objc; path = DetailViewController.m; sourceTree = "<group>"; };
		01A103B61B73DA1000357DD1 /* AcronymLookup.app */ = {isa = PBXFileReference; explicitFileType = wrapper.application; includeInIndex = 0; path = AcronymLookup.app; sourceTree = BUILT_PRODUCTS_DIR; };
		01A103BA1B73DA1000357DD1 /* Info.plist */ = {isa = PBXFileReference; lastKnownFileType = text.plist.xml; path = Info.plist; sourceTree = "<group>"; };
		01A103BB1B73DA1000357DD1 /* main.m */ = {isa = PBXFileReference; lastKnownFileType = sourcecode.c.objc; path = main.m; sourceTree = "<group>"; };
		01A103BD1B73DA1000357DD1 /* AppDelegate.h */ = {isa = PBXFileReference; lastKnownFileType = sourcecode.c.h; path = AppDelegate.h; sourceTree = "<group>"; };
		01A103BE1B73DA1000357DD1 /* AppDelegate.m */ = {isa = PBXFileReference; lastKnownFileType = sourcecode.c.objc; path = AppDelegate.m; sourceTree = "<group>"; };
		01A103C01B73DA1000357DD1 /* MainViewController.h */ = {isa = PBXFileReference; lastKnownFileType = sourcecode.c.h; path = MainViewController.h; sourceTree = "<group>"; };
		01A103C11B73DA1000357DD1 /* MainViewController.m */ = {isa = PBXFileReference; lastKnownFileType = sourcecode.c.objc; path = MainViewController.m; sourceTree = "<group>"; };
		01A103C41B73DA1000357DD1 /* Base */ = {isa = PBXFileReference; lastKnownFileType = file.storyboard; name = Base; path = Base.lproj/Main.storyboard; sourceTree = "<group>"; };
		01A103C61B73DA1000357DD1 /* Images.xcassets */ = {isa = PBXFileReference; lastKnownFileType = folder.assetcatalog; path = Images.xcassets; sourceTree = "<group>"; };
		01A103C91B73DA1000357DD1 /* Base */ = {isa = PBXFileReference; lastKnownFileType = file.xib; name = Base; path = Base.lproj/LaunchScreen.xib; sourceTree = "<group>"; };
		01A103CF1B73DA1000357DD1 /* AcronymLookupTests.xctest */ = {isa = PBXFileReference; explicitFileType = wrapper.cfbundle; includeInIndex = 0; path = AcronymLookupTests.xctest; sourceTree = BUILT_PRODUCTS_DIR; };
		01A103D41B73DA1000357DD1 /* Info.plist */ = {isa = PBXFileReference; lastKnownFileType = text.plist.xml; path = Info.plist; sourceTree = "<group>"; };
		01A103D51B73DA1000357DD1 /* AcronymLookupTests.m */ = {isa = PBXFileReference; lastKnownFileType = sourcecode.c.objc; path = AcronymLookupTests.m; sourceTree = "<group>"; };
		285AD9D6B41C0290FECE4AC7 /* Pods.release.xcconfig */ = {isa = PBXFileReference; includeInIndex = 1; lastKnownFileType = text.xcconfig; name = Pods.release.xcconfig; path = "Pods/Target Support Files/Pods/Pods.release.xcconfig"; sourceTree = "<group>"; };
		56F9F3399FBAB999C8B7A702 /* Pods.debug.xcconfig */ = {isa = PBXFileReference; includeInIndex = 1; lastKnownFileType = text.xcconfig; name = Pods.debug.xcconfig; path = "Pods/Target Support Files/Pods/Pods.debug.xcconfig"; sourceTree = "<group>"; };
		C0B98A9E5CAE5A25F4AC14B2 /* libPods.a */ = {isa = PBXFileReference; explicitFileType = archive.ar; includeInIndex = 0; path = libPods.a; sourceTree = BUILT_PRODUCTS_DIR; };
/* End PBXFileReference section */

/* Begin PBXFrameworksBuildPhase section */
		01A103B31B73DA1000357DD1 /* Frameworks */ = {
			isa = PBXFrameworksBuildPhase;
			buildActionMask = 2147483647;
			files = (
				640096B870025B7AB8F55986 /* libPods.a in Frameworks */,
			);
			runOnlyForDeploymentPostprocessing = 0;
		};
		01A103CC1B73DA1000357DD1 /* Frameworks */ = {
			isa = PBXFrameworksBuildPhase;
			buildActionMask = 2147483647;
			files = (
			);
			runOnlyForDeploymentPostprocessing = 0;
		};
/* End PBXFrameworksBuildPhase section */

/* Begin PBXGroup section */
		01A103AD1B73DA1000357DD1 = {
			isa = PBXGroup;
			children = (
				01A103B81B73DA1000357DD1 /* AcronymLookup */,
				01A103D21B73DA1000357DD1 /* AcronymLookupTests */,
				01A103B71B73DA1000357DD1 /* Products */,
				902A25E97AB3F480A88C3CC8 /* Pods */,
				38CD215771EB200B7C39DBB1 /* Frameworks */,
			);
			sourceTree = "<group>";
		};
		01A103B71B73DA1000357DD1 /* Products */ = {
			isa = PBXGroup;
			children = (
				01A103B61B73DA1000357DD1 /* AcronymLookup.app */,
				01A103CF1B73DA1000357DD1 /* AcronymLookupTests.xctest */,
			);
			name = Products;
			sourceTree = "<group>";
		};
		01A103B81B73DA1000357DD1 /* AcronymLookup */ = {
			isa = PBXGroup;
			children = (
				01A103BD1B73DA1000357DD1 /* AppDelegate.h */,
				01A103BE1B73DA1000357DD1 /* AppDelegate.m */,
				014656C71B7582D300C1F028 /* DetailViewController.h */,
				014656C81B7582D300C1F028 /* DetailViewController.m */,
				01A103C61B73DA1000357DD1 /* Images.xcassets */,
				01A103C81B73DA1000357DD1 /* LaunchScreen.xib */,
				01A103C31B73DA1000357DD1 /* Main.storyboard */,
				01A103B91B73DA1000357DD1 /* Supporting Files */,
				01A103C01B73DA1000357DD1 /* MainViewController.h */,
				01A103C11B73DA1000357DD1 /* MainViewController.m */,
			);
			path = AcronymLookup;
			sourceTree = "<group>";
		};
		01A103B91B73DA1000357DD1 /* Supporting Files */ = {
			isa = PBXGroup;
			children = (
				01A103BA1B73DA1000357DD1 /* Info.plist */,
				01A103BB1B73DA1000357DD1 /* main.m */,
			);
			name = "Supporting Files";
			sourceTree = "<group>";
		};
		01A103D21B73DA1000357DD1 /* AcronymLookupTests */ = {
			isa = PBXGroup;
			children = (
				01A103D51B73DA1000357DD1 /* AcronymLookupTests.m */,
				01A103D31B73DA1000357DD1 /* Supporting Files */,
			);
			path = AcronymLookupTests;
			sourceTree = "<group>";
		};
		01A103D31B73DA1000357DD1 /* Supporting Files */ = {
			isa = PBXGroup;
			children = (
				01A103D41B73DA1000357DD1 /* Info.plist */,
			);
			name = "Supporting Files";
			sourceTree = "<group>";
		};
		38CD215771EB200B7C39DBB1 /* Frameworks */ = {
			isa = PBXGroup;
			children = (
				C0B98A9E5CAE5A25F4AC14B2 /* libPods.a */,
			);
			name = Frameworks;
			sourceTree = "<group>";
		};
		902A25E97AB3F480A88C3CC8 /* Pods */ = {
			isa = PBXGroup;
			children = (
				56F9F3399FBAB999C8B7A702 /* Pods.debug.xcconfig */,
				285AD9D6B41C0290FECE4AC7 /* Pods.release.xcconfig */,
			);
			name = Pods;
			sourceTree = "<group>";
		};
/* End PBXGroup section */

/* Begin PBXNativeTarget section */
		01A103B51B73DA1000357DD1 /* AcronymLookup */ = {
			isa = PBXNativeTarget;
			buildConfigurationList = 01A103D91B73DA1000357DD1 /* Build configuration list for PBXNativeTarget "AcronymLookup" */;
			buildPhases = (
				663758441A69BFAA8D01A6DB /* Check Pods Manifest.lock */,
				01A103B21B73DA1000357DD1 /* Sources */,
				01A103B31B73DA1000357DD1 /* Frameworks */,
				01A103B41B73DA1000357DD1 /* Resources */,
				4876A1EF0AAFA17DAE015BCE /* Copy Pods Resources */,
			);
			buildRules = (
			);
			dependencies = (
			);
			name = AcronymLookup;
			productName = AcronymLookup;
			productReference = 01A103B61B73DA1000357DD1 /* AcronymLookup.app */;
			productType = "com.apple.product-type.application";
		};
		01A103CE1B73DA1000357DD1 /* AcronymLookupTests */ = {
			isa = PBXNativeTarget;
			buildConfigurationList = 01A103DC1B73DA1000357DD1 /* Build configuration list for PBXNativeTarget "AcronymLookupTests" */;
			buildPhases = (
				01A103CB1B73DA1000357DD1 /* Sources */,
				01A103CC1B73DA1000357DD1 /* Frameworks */,
				01A103CD1B73DA1000357DD1 /* Resources */,
			);
			buildRules = (
			);
			dependencies = (
				01A103D11B73DA1000357DD1 /* PBXTargetDependency */,
			);
			name = AcronymLookupTests;
			productName = AcronymLookupTests;
			productReference = 01A103CF1B73DA1000357DD1 /* AcronymLookupTests.xctest */;
			productType = "com.apple.product-type.bundle.unit-test";
		};
/* End PBXNativeTarget section */

/* Begin PBXProject section */
		01A103AE1B73DA1000357DD1 /* Project object */ = {
			isa = PBXProject;
			attributes = {
				LastUpgradeCheck = 0640;
				ORGANIZATIONNAME = "Scott Richards";
				TargetAttributes = {
					01A103B51B73DA1000357DD1 = {
						CreatedOnToolsVersion = 6.4;
					};
					01A103CE1B73DA1000357DD1 = {
						CreatedOnToolsVersion = 6.4;
						TestTargetID = 01A103B51B73DA1000357DD1;
					};
				};
			};
			buildConfigurationList = 01A103B11B73DA1000357DD1 /* Build configuration list for PBXProject "AcronymLookup" */;
			compatibilityVersion = "Xcode 3.2";
			developmentRegion = English;
			hasScannedForEncodings = 0;
			knownRegions = (
				en,
				Base,
			);
			mainGroup = 01A103AD1B73DA1000357DD1;
			productRefGroup = 01A103B71B73DA1000357DD1 /* Products */;
			projectDirPath = "";
			projectRoot = "";
			targets = (
				01A103B51B73DA1000357DD1 /* AcronymLookup */,
				01A103CE1B73DA1000357DD1 /* AcronymLookupTests */,
			);
		};
/* End PBXProject section */

/* Begin PBXResourcesBuildPhase section */
		01A103B41B73DA1000357DD1 /* Resources */ = {
			isa = PBXResourcesBuildPhase;
			buildActionMask = 2147483647;
			files = (
				01A103C51B73DA1000357DD1 /* Main.storyboard in Resources */,
				01A103CA1B73DA1000357DD1 /* LaunchScreen.xib in Resources */,
				01A103C71B73DA1000357DD1 /* Images.xcassets in Resources */,
			);
			runOnlyForDeploymentPostprocessing = 0;
		};
		01A103CD1B73DA1000357DD1 /* Resources */ = {
			isa = PBXResourcesBuildPhase;
			buildActionMask = 2147483647;
			files = (
			);
			runOnlyForDeploymentPostprocessing = 0;
		};
/* End PBXResourcesBuildPhase section */

/* Begin PBXShellScriptBuildPhase section */
		4876A1EF0AAFA17DAE015BCE /* Copy Pods Resources */ = {
			isa = PBXShellScriptBuildPhase;
			buildActionMask = 2147483647;
			files = (
			);
			inputPaths = (
			);
			name = "Copy Pods Resources";
			outputPaths = (
			);
			runOnlyForDeploymentPostprocessing = 0;
			shellPath = /bin/sh;
			shellScript = "\"${SRCROOT}/Pods/Target Support Files/Pods/Pods-resources.sh\"\n";
			showEnvVarsInLog = 0;
		};
		663758441A69BFAA8D01A6DB /* Check Pods Manifest.lock */ = {
			isa = PBXShellScriptBuildPhase;
			buildActionMask = 2147483647;
			files = (
			);
			inputPaths = (
			);
			name = "Check Pods Manifest.lock";
			outputPaths = (
			);
			runOnlyForDeploymentPostprocessing = 0;
			shellPath = /bin/sh;
			shellScript = "diff \"${PODS_ROOT}/../Podfile.lock\" \"${PODS_ROOT}/Manifest.lock\" > /dev/null\nif [[ $? != 0 ]] ; then\n    cat << EOM\nerror: The sandbox is not in sync with the Podfile.lock. Run 'pod install' or update your CocoaPods installation.\nEOM\n    exit 1\nfi\n";
			showEnvVarsInLog = 0;
		};
/* End PBXShellScriptBuildPhase section */

/* Begin PBXSourcesBuildPhase section */
		01A103B21B73DA1000357DD1 /* Sources */ = {
			isa = PBXSourcesBuildPhase;
			buildActionMask = 2147483647;
			files = (
				01A103C21B73DA1000357DD1 /* MainViewController.m in Sources */,
				01A103BF1B73DA1000357DD1 /* AppDelegate.m in Sources */,
				01A103BC1B73DA1000357DD1 /* main.m in Sources */,
				014656C91B7582D300C1F028 /* DetailViewController.m in Sources */,
			);
			runOnlyForDeploymentPostprocessing = 0;
		};
		01A103CB1B73DA1000357DD1 /* Sources */ = {
			isa = PBXSourcesBuildPhase;
			buildActionMask = 2147483647;
			files = (
				01A103D61B73DA1000357DD1 /* AcronymLookupTests.m in Sources */,
			);
			runOnlyForDeploymentPostprocessing = 0;
		};
/* End PBXSourcesBuildPhase section */

/* Begin PBXTargetDependency section */
		01A103D11B73DA1000357DD1 /* PBXTargetDependency */ = {
			isa = PBXTargetDependency;
			target = 01A103B51B73DA1000357DD1 /* AcronymLookup */;
			targetProxy = 01A103D01B73DA1000357DD1 /* PBXContainerItemProxy */;
		};
/* End PBXTargetDependency section */

/* Begin PBXVariantGroup section */
		01A103C31B73DA1000357DD1 /* Main.storyboard */ = {
			isa = PBXVariantGroup;
			children = (
				01A103C41B73DA1000357DD1 /* Base */,
			);
			name = Main.storyboard;
			sourceTree = "<group>";
		};
		01A103C81B73DA1000357DD1 /* LaunchScreen.xib */ = {
			isa = PBXVariantGroup;
			children = (
				01A103C91B73DA1000357DD1 /* Base */,
			);
			name = LaunchScreen.xib;
			sourceTree = "<group>";
		};
/* End PBXVariantGroup section */

/* Begin XCBuildConfiguration section */
		01A103D71B73DA1000357DD1 /* Debug */ = {
			isa = XCBuildConfiguration;
			buildSettings = {
				ALWAYS_SEARCH_USER_PATHS = NO;
				CLANG_CXX_LANGUAGE_STANDARD = "gnu++0x";
				CLANG_CXX_LIBRARY = "libc++";
				CLANG_ENABLE_MODULES = YES;
				CLANG_ENABLE_OBJC_ARC = YES;
				CLANG_WARN_BOOL_CONVERSION = YES;
				CLANG_WARN_CONSTANT_CONVERSION = YES;
				CLANG_WARN_DIRECT_OBJC_ISA_USAGE = YES_ERROR;
				CLANG_WARN_EMPTY_BODY = YES;
				CLANG_WARN_ENUM_CONVERSION = YES;
				CLANG_WARN_INT_CONVERSION = YES;
				CLANG_WARN_OBJC_ROOT_CLASS = YES_ERROR;
				CLANG_WARN_UNREACHABLE_CODE = YES;
				CLANG_WARN__DUPLICATE_METHOD_MATCH = YES;
				"CODE_SIGN_IDENTITY[sdk=iphoneos*]" = "iPhone Developer";
				COPY_PHASE_STRIP = NO;
				DEBUG_INFORMATION_FORMAT = "dwarf-with-dsym";
				ENABLE_STRICT_OBJC_MSGSEND = YES;
				GCC_C_LANGUAGE_STANDARD = gnu99;
				GCC_DYNAMIC_NO_PIC = NO;
				GCC_NO_COMMON_BLOCKS = YES;
				GCC_OPTIMIZATION_LEVEL = 0;
				GCC_PREPROCESSOR_DEFINITIONS = (
					"DEBUG=1",
					"$(inherited)",
				);
				GCC_SYMBOLS_PRIVATE_EXTERN = NO;
				GCC_WARN_64_TO_32_BIT_CONVERSION = YES;
				GCC_WARN_ABOUT_RETURN_TYPE = YES_ERROR;
				GCC_WARN_UNDECLARED_SELECTOR = YES;
				GCC_WARN_UNINITIALIZED_AUTOS = YES_AGGRESSIVE;
				GCC_WARN_UNUSED_FUNCTION = YES;
				GCC_WARN_UNUSED_VARIABLE = YES;
				IPHONEOS_DEPLOYMENT_TARGET = 8.4;
				MTL_ENABLE_DEBUG_INFO = YES;
				ONLY_ACTIVE_ARCH = YES;
				SDKROOT = iphoneos;
			};
			name = Debug;
		};
		01A103D81B73DA1000357DD1 /* Release */ = {
			isa = XCBuildConfiguration;
			buildSettings = {
				ALWAYS_SEARCH_USER_PATHS = NO;
				CLANG_CXX_LANGUAGE_STANDARD = "gnu++0x";
				CLANG_CXX_LIBRARY = "libc++";
				CLANG_ENABLE_MODULES = YES;
				CLANG_ENABLE_OBJC_ARC = YES;
				CLANG_WARN_BOOL_CONVERSION = YES;
				CLANG_WARN_CONSTANT_CONVERSION = YES;
				CLANG_WARN_DIRECT_OBJC_ISA_USAGE = YES_ERROR;
				CLANG_WARN_EMPTY_BODY = YES;
				CLANG_WARN_ENUM_CONVERSION = YES;
				CLANG_WARN_INT_CONVERSION = YES;
				CLANG_WARN_OBJC_ROOT_CLASS = YES_ERROR;
				CLANG_WARN_UNREACHABLE_CODE = YES;
				CLANG_WARN__DUPLICATE_METHOD_MATCH = YES;
				"CODE_SIGN_IDENTITY[sdk=iphoneos*]" = "iPhone Developer";
				COPY_PHASE_STRIP = NO;
				DEBUG_INFORMATION_FORMAT = "dwarf-with-dsym";
				ENABLE_NS_ASSERTIONS = NO;
				ENABLE_STRICT_OBJC_MSGSEND = YES;
				GCC_C_LANGUAGE_STANDARD = gnu99;
				GCC_NO_COMMON_BLOCKS = YES;
				GCC_WARN_64_TO_32_BIT_CONVERSION = YES;
				GCC_WARN_ABOUT_RETURN_TYPE = YES_ERROR;
				GCC_WARN_UNDECLARED_SELECTOR = YES;
				GCC_WARN_UNINITIALIZED_AUTOS = YES_AGGRESSIVE;
				GCC_WARN_UNUSED_FUNCTION = YES;
				GCC_WARN_UNUSED_VARIABLE = YES;
				IPHONEOS_DEPLOYMENT_TARGET = 8.4;
				MTL_ENABLE_DEBUG_INFO = NO;
				SDKROOT = iphoneos;
				VALIDATE_PRODUCT = YES;
			};
			name = Release;
		};
		01A103DA1B73DA1000357DD1 /* Debug */ = {
			isa = XCBuildConfiguration;
			baseConfigurationReference = 56F9F3399FBAB999C8B7A702 /* Pods.debug.xcconfig */;
			buildSettings = {
				ASSETCATALOG_COMPILER_APPICON_NAME = AppIcon;
				INFOPLIST_FILE = AcronymLookup/Info.plist;
				LD_RUNPATH_SEARCH_PATHS = "$(inherited) @executable_path/Frameworks";
				PRODUCT_NAME = "$(TARGET_NAME)";
				TARGETED_DEVICE_FAMILY = "1,2";
			};
			name = Debug;
		};
		01A103DB1B73DA1000357DD1 /* Release */ = {
			isa = XCBuildConfiguration;
			baseConfigurationReference = 285AD9D6B41C0290FECE4AC7 /* Pods.release.xcconfig */;
			buildSettings = {
				ASSETCATALOG_COMPILER_APPICON_NAME = AppIcon;
				INFOPLIST_FILE = AcronymLookup/Info.plist;
				LD_RUNPATH_SEARCH_PATHS = "$(inherited) @executable_path/Frameworks";
				PRODUCT_NAME = "$(TARGET_NAME)";
				TARGETED_DEVICE_FAMILY = "1,2";
			};
			name = Release;
		};
		01A103DD1B73DA1000357DD1 /* Debug */ = {
			isa = XCBuildConfiguration;
			buildSettings = {
				BUNDLE_LOADER = "$(TEST_HOST)";
				FRAMEWORK_SEARCH_PATHS = (
					"$(SDKROOT)/Developer/Library/Frameworks",
					"$(inherited)",
				);
				GCC_PREPROCESSOR_DEFINITIONS = (
					"DEBUG=1",
					"$(inherited)",
				);
				INFOPLIST_FILE = AcronymLookupTests/Info.plist;
				LD_RUNPATH_SEARCH_PATHS = "$(inherited) @executable_path/Frameworks @loader_path/Frameworks";
				PRODUCT_NAME = "$(TARGET_NAME)";
				TEST_HOST = "$(BUILT_PRODUCTS_DIR)/AcronymLookup.app/AcronymLookup";
			};
			name = Debug;
		};
		01A103DE1B73DA1000357DD1 /* Release */ = {
			isa = XCBuildConfiguration;
			buildSettings = {
				BUNDLE_LOADER = "$(TEST_HOST)";
				FRAMEWORK_SEARCH_PATHS = (
					"$(SDKROOT)/Developer/Library/Frameworks",
					"$(inherited)",
				);
				INFOPLIST_FILE = AcronymLookupTests/Info.plist;
				LD_RUNPATH_SEARCH_PATHS = "$(inherited) @executable_path/Frameworks @loader_path/Frameworks";
				PRODUCT_NAME = "$(TARGET_NAME)";
				TEST_HOST = "$(BUILT_PRODUCTS_DIR)/AcronymLookup.app/AcronymLookup";
			};
			name = Release;
		};
/* End XCBuildConfiguration section */

/* Begin XCConfigurationList section */
		01A103B11B73DA1000357DD1 /* Build configuration list for PBXProject "AcronymLookup" */ = {
			isa = XCConfigurationList;
			buildConfigurations = (
				01A103D71B73DA1000357DD1 /* Debug */,
				01A103D81B73DA1000357DD1 /* Release */,
			);
			defaultConfigurationIsVisible = 0;
			defaultConfigurationName = Release;
		};
		01A103D91B73DA1000357DD1 /* Build configuration list for PBXNativeTarget "AcronymLookup" */ = {
			isa = XCConfigurationList;
			buildConfigurations = (
				01A103DA1B73DA1000357DD1 /* Debug */,
				01A103DB1B73DA1000357DD1 /* Release */,
			);
			defaultConfigurationIsVisible = 0;
			defaultConfigurationName = Release;
		};
		01A103DC1B73DA1000357DD1 /* Build configuration list for PBXNativeTarget "AcronymLookupTests" */ = {
			isa = XCConfigurationList;
			buildConfigurations = (
				01A103DD1B73DA1000357DD1 /* Debug */,
				01A103DE1B73DA1000357DD1 /* Release */,
			);
			defaultConfigurationIsVisible = 0;
			defaultConfigurationName = Release;
		};
/* End XCConfigurationList section */
	};
	rootObject = 01A103AE1B73DA1000357DD1 /* Project object */;
}
